
Microsoft Visual Studio Solution File, Format Version 12.00
# Visual Studio Version 17
VisualStudioVersion = 17.9.34622.214
MinimumVisualStudioVersion = 10.0.40219.1
Project("{FAE04EC0-301F-11D3-BF4B-00C04F79EFBC}") = "test", "test.csproj", "{88D6D657-A954-422C-9B2A-2A4FE564D53D}"
EndProject
Global
	GlobalSection(SolutionConfigurationPlatforms) = preSolution
		Debug|Any CPU = Debug|Any CPU
		Release|Any CPU = Release|Any CPU
	EndGlobalSection
	GlobalSection(ProjectConfigurationPlatforms) = postSolution
		{88D6D657-A954-422C-9B2A-2A4FE564D53D}.Debug|Any CPU.ActiveCfg = Debug|Any CPU
		{88D6D657-A954-422C-9B2A-2A4FE564D53D}.Debug|Any CPU.Build.0 = Debug|Any CPU
		{88D6D657-A954-422C-9B2A-2A4FE564D53D}.Release|Any CPU.ActiveCfg = Release|Any CPU
		{88D6D657-A954-422C-9B2A-2A4FE564D53D}.Release|Any CPU.Build.0 = Release|Any CPU
	EndGlobalSection
	GlobalSection(SolutionProperties) = preSolution
		HideSolutionNode = FALSE
	EndGlobalSection
	GlobalSection(ExtensibilityGlobals) = postSolution
		SolutionGuid = {A38EC3B3-ED57-4C11-BB63-BF923F6CB1EE}
	EndGlobalSection
EndGlobal
